{
  "name": "kaiyuan1",
  "version": "0.0.1",
  "lockfileVersion": 2,
  "requires": true,
  "packages": {
    "": {
      "name": "kaiyuan1",
      "version": "0.0.1",
      "hasInstallScript": true,
      "license": "MIT",
      "dependencies": {
        "kaiyuan1": "^0.0.1"
      }
    },
    "node_modules/kaiyuan": {
      "version": "1.3.0",
      "resolved": "https://registry.npmjs.org/kaiyuan/-/kaiyuan-1.3.0.tgz",
      "integrity": "sha512-J36C1cLSgRAtj0GQO6qWh2V1ZHTV6sUODJnTjVEtSOPFVQCqwy3CJ/+BB8724OhW7tiYvQvZp6DaUyPaUnIQVA==",
      "bin": {
        "kaiyuan1": "utils/test.js"
      }
    },
    "node_modules/kaiyuan1": {
      "version": "0.0.1",
      "resolved": "https://registry.npmjs.org/kaiyuan1/-/kaiyuan1-0.0.1.tgz",
      "integrity": "sha512-DU6V5kNz98MNN1GJ8gUKwo4FdlCEsgsKZjDsG558CScwCq93mZY7XaCwicSgeocv/z4dSRZ0YKkJpK7mwRot4w==",
      "dependencies": {
        "kaiyuan": "^1.3.0"
      }
    }
  },
  "dependencies": {
    "kaiyuan": {
      "version": "1.3.0",
      "resolved": "https://registry.npmjs.org/kaiyuan/-/kaiyuan-1.3.0.tgz",
      "integrity": "sha512-J36C1cLSgRAtj0GQO6qWh2V1ZHTV6sUODJnTjVEtSOPFVQCqwy3CJ/+BB8724OhW7tiYvQvZp6DaUyPaUnIQVA=="
    },
    "kaiyuan1": {
      "version": "0.0.1",
      "resolved": "https://registry.npmjs.org/kaiyuan1/-/kaiyuan1-0.0.1.tgz",
      "integrity": "sha512-DU6V5kNz98MNN1GJ8gUKwo4FdlCEsgsKZjDsG558CScwCq93mZY7XaCwicSgeocv/z4dSRZ0YKkJpK7mwRot4w==",
      "requires": {
        "kaiyuan": "^1.3.0"
      }
    }
  }
}
